
Microsoft Visual Studio Solution File, Format Version 12.00
# Visual Studio Version 17
VisualStudioVersion = 17.9.34728.123
MinimumVisualStudioVersion = 10.0.40219.1
Project("{FAE04EC0-301F-11D3-BF4B-00C04F79EFBC}") = "CeiboTutorialClase2", "CeiboTutorialClase2\CeiboTutorialClase2.csproj", "{B4D98EE2-4901-4393-8694-0247CC39FD43}"
EndProject
Global
	GlobalSection(SolutionConfigurationPlatforms) = preSolution
		Debug|Any CPU = Debug|Any CPU
		Release|Any CPU = Release|Any CPU
	EndGlobalSection
	GlobalSection(ProjectConfigurationPlatforms) = postSolution
		{B4D98EE2-4901-4393-8694-0247CC39FD43}.Debug|Any CPU.ActiveCfg = Debug|Any CPU
		{B4D98EE2-4901-4393-8694-0247CC39FD43}.Debug|Any CPU.Build.0 = Debug|Any CPU
		{B4D98EE2-4901-4393-8694-0247CC39FD43}.Release|Any CPU.ActiveCfg = Release|Any CPU
		{B4D98EE2-4901-4393-8694-0247CC39FD43}.Release|Any CPU.Build.0 = Release|Any CPU
	EndGlobalSection
	GlobalSection(SolutionProperties) = preSolution
		HideSolutionNode = FALSE
	EndGlobalSection
	GlobalSection(ExtensibilityGlobals) = postSolution
		SolutionGuid = {762B5BA0-2738-4697-BC50-55021F3B2F02}
	EndGlobalSection
EndGlobal
